
Microsoft Visual Studio Solution File, Format Version 12.00
# Visual Studio 15
VisualStudioVersion = 15.0.28307.1525
MinimumVisualStudioVersion = 10.0.40219.1
Project("{FAE04EC0-301F-11D3-BF4B-00C04F79EFBC}") = "ATSApplication", "ATSApplication\ATSApplication.csproj", "{76A0AAE9-F6B4-4D8A-B878-26E1DD3484BE}"
EndProject
Global
	GlobalSection(SolutionConfigurationPlatforms) = preSolution
		Debug|Any CPU = Debug|Any CPU
		Release|Any CPU = Release|Any CPU
	EndGlobalSection
	GlobalSection(ProjectConfigurationPlatforms) = postSolution
		{76A0AAE9-F6B4-4D8A-B878-26E1DD3484BE}.Debug|Any CPU.ActiveCfg = Debug|Any CPU
		{76A0AAE9-F6B4-4D8A-B878-26E1DD3484BE}.Debug|Any CPU.Build.0 = Debug|Any CPU
		{76A0AAE9-F6B4-4D8A-B878-26E1DD3484BE}.Release|Any CPU.ActiveCfg = Release|Any CPU
		{76A0AAE9-F6B4-4D8A-B878-26E1DD3484BE}.Release|Any CPU.Build.0 = Release|Any CPU
	EndGlobalSection
	GlobalSection(SolutionProperties) = preSolution
		HideSolutionNode = FALSE
	EndGlobalSection
	GlobalSection(ExtensibilityGlobals) = postSolution
		SolutionGuid = {FE8A9F81-BDDE-4CD1-9A25-56A702D11E8B}
	EndGlobalSection
EndGlobal
